# THIS IS AN AUTOGENERATED FILE. DO NOT EDIT THIS FILE DIRECTLY.
# yarn lockfile v1


dom7@^3.0.0-alpha.5:
  version "3.0.0-alpha.5"
  resolved "https://registry.yarnpkg.com/dom7/-/dom7-3.0.0-alpha.5.tgz#9db8d5f0b28248c3fa07651306ce8dd08ad6d623"
  integrity sha512-8qnd76DAkn12DSOPCu5EtGiWwMDsagt1lb8zC50UfZ1sfLHixM510RXiQc4DTQsEAi/i3BjD3es7awqUCB+IjQ==
  dependencies:
    ssr-window "^3.0.0-alpha.1"

ssr-window@^3.0.0-alpha.1, ssr-window@^3.0.0-alpha.4:
  version "3.0.0-alpha.4"
  resolved "https://registry.yarnpkg.com/ssr-window/-/ssr-window-3.0.0-alpha.4.tgz#0c69a18c4305ecccdd8e11596155ca07b635f345"
  integrity sha512-+dBRP/pZ+VyITxTzD0lMDzDwN/BmfUl8xi2e6t5Nz4+FqUphfcBLB1OOUSYCRNFB25rD3c8AJRYpY5rHTbL+kg==

swiper@^6.0.0:
  version "6.0.0"
  resolved "https://registry.yarnpkg.com/swiper/-/swiper-6.0.0.tgz#d69bfd2e2dc01961c32e6d6bbb7247081cf5a883"
  integrity sha512-4AQKV5buMseaKLepFxfaMb1qkhviNjyVqiKLJwH0pjPMgrIaSXIWkxyXA4uCUz28II2iFXoLEVG9E+RLFYo7TA==
  dependencies:
    dom7 "^3.0.0-alpha.5"
    ssr-window "^3.0.0-alpha.4"
